
Microsoft Visual Studio Solution File, Format Version 12.00
# Visual Studio Version 16
VisualStudioVersion = 16.0.31410.357
MinimumVisualStudioVersion = 10.0.40219.1
Project("{8BC9CEB8-8B4A-11D0-8D11-00A0C91BC942}") = "something", "something.vcxproj", "{23297EF0-7A95-4926-A406-CABF28F6A775}"
EndProject
Global
	GlobalSection(SolutionConfigurationPlatforms) = preSolution
		Debug|x64 = Debug|x64
		Debug|x86 = Debug|x86
		Release|x64 = Release|x64
		Release|x86 = Release|x86
	EndGlobalSection
	GlobalSection(ProjectConfigurationPlatforms) = postSolution
		{23297EF0-7A95-4926-A406-CABF28F6A775}.Debug|x64.ActiveCfg = Debug|x64
		{23297EF0-7A95-4926-A406-CABF28F6A775}.Debug|x64.Build.0 = Debug|x64
		{23297EF0-7A95-4926-A406-CABF28F6A775}.Debug|x86.ActiveCfg = Debug|Win32
		{23297EF0-7A95-4926-A406-CABF28F6A775}.Debug|x86.Build.0 = Debug|Win32
		{23297EF0-7A95-4926-A406-CABF28F6A775}.Release|x64.ActiveCfg = Release|x64
		{23297EF0-7A95-4926-A406-CABF28F6A775}.Release|x64.Build.0 = Release|x64
		{23297EF0-7A95-4926-A406-CABF28F6A775}.Release|x86.ActiveCfg = Release|Win32
		{23297EF0-7A95-4926-A406-CABF28F6A775}.Release|x86.Build.0 = Release|Win32
	EndGlobalSection
	GlobalSection(SolutionProperties) = preSolution
		HideSolutionNode = FALSE
	EndGlobalSection
	GlobalSection(ExtensibilityGlobals) = postSolution
		SolutionGuid = {35A9305F-B3B4-427C-9F0D-32121EAF9410}
	EndGlobalSection
EndGlobal
